// !$*UTF8*$!
{
	archiveVersion = 1;
	classes = {
	};
	objectVersion = 46;
	objects = {

/* Begin PBXBuildFile section */
		CDDF4C2E197478AD00EA3C12 /* Foundation.framework in Frameworks */ = {isa = PBXBuildFile; fileRef = CDDF4C2D197478AD00EA3C12 /* Foundation.framework */; };
		CDDF4C30197478AD00EA3C12 /* CoreGraphics.framework in Frameworks */ = {isa = PBXBuildFile; fileRef = CDDF4C2F197478AD00EA3C12 /* CoreGraphics.framework */; };
		CDDF4C32197478AD00EA3C12 /* UIKit.framework in Frameworks */ = {isa = PBXBuildFile; fileRef = CDDF4C31197478AD00EA3C12 /* UIKit.framework */; };
		CDDF4C38197478AE00EA3C12 /* InfoPlist.strings in Resources */ = {isa = PBXBuildFile; fileRef = CDDF4C36197478AD00EA3C12 /* InfoPlist.strings */; };
		CDDF4C3A197478AE00EA3C12 /* main.m in Sources */ = {isa = PBXBuildFile; fileRef = CDDF4C39197478AE00EA3C12 /* main.m */; };
		CDDF4C3E197478AE00EA3C12 /* AppDelegate.m in Sources */ = {isa = PBXBuildFile; fileRef = CDDF4C3D197478AE00EA3C12 /* AppDelegate.m */; };
		CDDF4C41197478AE00EA3C12 /* Main_iPhone.storyboard in Resources */ = {isa = PBXBuildFile; fileRef = CDDF4C3F197478AE00EA3C12 /* Main_iPhone.storyboard */; };
		CDDF4C44197478AE00EA3C12 /* Main_iPad.storyboard in Resources */ = {isa = PBXBuildFile; fileRef = CDDF4C42197478AE00EA3C12 /* Main_iPad.storyboard */; };
		CDDF4C47197478AE00EA3C12 /* FirstViewController.m in Sources */ = {isa = PBXBuildFile; fileRef = CDDF4C46197478AE00EA3C12 /* FirstViewController.m */; };
		CDDF4C4A197478AE00EA3C12 /* SecondViewController.m in Sources */ = {isa = PBXBuildFile; fileRef = CDDF4C49197478AE00EA3C12 /* SecondViewController.m */; };
		CDDF4C4C197478AE00EA3C12 /* Images.xcassets in Resources */ = {isa = PBXBuildFile; fileRef = CDDF4C4B197478AE00EA3C12 /* Images.xcassets */; };
		CDDF4C53197478AE00EA3C12 /* XCTest.framework in Frameworks */ = {isa = PBXBuildFile; fileRef = CDDF4C52197478AE00EA3C12 /* XCTest.framework */; };
		CDDF4C54197478AE00EA3C12 /* Foundation.framework in Frameworks */ = {isa = PBXBuildFile; fileRef = CDDF4C2D197478AD00EA3C12 /* Foundation.framework */; };
		CDDF4C55197478AE00EA3C12 /* UIKit.framework in Frameworks */ = {isa = PBXBuildFile; fileRef = CDDF4C31197478AD00EA3C12 /* UIKit.framework */; };
		CDDF4C5D197478AE00EA3C12 /* InfoPlist.strings in Resources */ = {isa = PBXBuildFile; fileRef = CDDF4C5B197478AE00EA3C12 /* InfoPlist.strings */; };
		CDDF4C5F197478AE00EA3C12 /* ETOContactCardTests.m in Sources */ = {isa = PBXBuildFile; fileRef = CDDF4C5E197478AE00EA3C12 /* ETOContactCardTests.m */; };
/* End PBXBuildFile section */

/* Begin PBXContainerItemProxy section */
		CDDF4C56197478AE00EA3C12 /* PBXContainerItemProxy */ = {
			isa = PBXContainerItemProxy;
			containerPortal = CDDF4C22197478AD00EA3C12 /* Project object */;
			proxyType = 1;
			remoteGlobalIDString = CDDF4C29197478AD00EA3C12;
			remoteInfo = ETOContactCard;
		};
/* End PBXContainerItemProxy section */

/* Begin PBXFileReference section */
		CDDF4C2A197478AD00EA3C12 /* ETOContactCard.app */ = {isa = PBXFileReference; explicitFileType = wrapper.application; includeInIndex = 0; path = ETOContactCard.app; sourceTree = BUILT_PRODUCTS_DIR; };
		CDDF4C2D197478AD00EA3C12 /* Foundation.framework */ = {isa = PBXFileReference; lastKnownFileType = wrapper.framework; name = Foundation.framework; path = System/Library/Frameworks/Foundation.framework; sourceTree = SDKROOT; };
		CDDF4C2F197478AD00EA3C12 /* CoreGraphics.framework */ = {isa = PBXFileReference; lastKnownFileType = wrapper.framework; name = CoreGraphics.framework; path = System/Library/Frameworks/CoreGraphics.framework; sourceTree = SDKROOT; };
		CDDF4C31197478AD00EA3C12 /* UIKit.framework */ = {isa = PBXFileReference; lastKnownFileType = wrapper.framework; name = UIKit.framework; path = System/Library/Frameworks/UIKit.framework; sourceTree = SDKROOT; };
		CDDF4C35197478AD00EA3C12 /* ETOContactCard-Info.plist */ = {isa = PBXFileReference; lastKnownFileType = text.plist.xml; path = "ETOContactCard-Info.plist"; sourceTree = "<group>"; };
		CDDF4C37197478AE00EA3C12 /* en */ = {isa = PBXFileReference; lastKnownFileType = text.plist.strings; name = en; path = en.lproj/InfoPlist.strings; sourceTree = "<group>"; };
		CDDF4C39197478AE00EA3C12 /* main.m */ = {isa = PBXFileReference; lastKnownFileType = sourcecode.c.objc; path = main.m; sourceTree = "<group>"; };
		CDDF4C3B197478AE00EA3C12 /* ETOContactCard-Prefix.pch */ = {isa = PBXFileReference; lastKnownFileType = sourcecode.c.h; path = "ETOContactCard-Prefix.pch"; sourceTree = "<group>"; };
		CDDF4C3C197478AE00EA3C12 /* AppDelegate.h */ = {isa = PBXFileReference; lastKnownFileType = sourcecode.c.h; path = AppDelegate.h; sourceTree = "<group>"; };
		CDDF4C3D197478AE00EA3C12 /* AppDelegate.m */ = {isa = PBXFileReference; lastKnownFileType = sourcecode.c.objc; path = AppDelegate.m; sourceTree = "<group>"; };
		CDDF4C40197478AE00EA3C12 /* Base */ = {isa = PBXFileReference; lastKnownFileType = file.storyboard; name = Base; path = Base.lproj/Main_iPhone.storyboard; sourceTree = "<group>"; };
		CDDF4C43197478AE00EA3C12 /* Base */ = {isa = PBXFileReference; lastKnownFileType = file.storyboard; name = Base; path = Base.lproj/Main_iPad.storyboard; sourceTree = "<group>"; };
		CDDF4C45197478AE00EA3C12 /* FirstViewController.h */ = {isa = PBXFileReference; lastKnownFileType = sourcecode.c.h; path = FirstViewController.h; sourceTree = "<group>"; };
		CDDF4C46197478AE00EA3C12 /* FirstViewController.m */ = {isa = PBXFileReference; lastKnownFileType = sourcecode.c.objc; path = FirstViewController.m; sourceTree = "<group>"; };
		CDDF4C48197478AE00EA3C12 /* SecondViewController.h */ = {isa = PBXFileReference; lastKnownFileType = sourcecode.c.h; path = SecondViewController.h; sourceTree = "<group>"; };
		CDDF4C49197478AE00EA3C12 /* SecondViewController.m */ = {isa = PBXFileReference; lastKnownFileType = sourcecode.c.objc; path = SecondViewController.m; sourceTree = "<group>"; };
		CDDF4C4B197478AE00EA3C12 /* Images.xcassets */ = {isa = PBXFileReference; lastKnownFileType = folder.assetcatalog; path = Images.xcassets; sourceTree = "<group>"; };
		CDDF4C51197478AE00EA3C12 /* ETOContactCardTests.xctest */ = {isa = PBXFileReference; explicitFileType = wrapper.cfbundle; includeInIndex = 0; path = ETOContactCardTests.xctest; sourceTree = BUILT_PRODUCTS_DIR; };
		CDDF4C52197478AE00EA3C12 /* XCTest.framework */ = {isa = PBXFileReference; lastKnownFileType = wrapper.framework; name = XCTest.framework; path = Library/Frameworks/XCTest.framework; sourceTree = DEVELOPER_DIR; };
		CDDF4C5A197478AE00EA3C12 /* ETOContactCardTests-Info.plist */ = {isa = PBXFileReference; lastKnownFileType = text.plist.xml; path = "ETOContactCardTests-Info.plist"; sourceTree = "<group>"; };
		CDDF4C5C197478AE00EA3C12 /* en */ = {isa = PBXFileReference; lastKnownFileType = text.plist.strings; name = en; path = en.lproj/InfoPlist.strings; sourceTree = "<group>"; };
		CDDF4C5E197478AE00EA3C12 /* ETOContactCardTests.m */ = {isa = PBXFileReference; lastKnownFileType = sourcecode.c.objc; path = ETOContactCardTests.m; sourceTree = "<group>"; };
/* End PBXFileReference section */

/* Begin PBXFrameworksBuildPhase section */
		CDDF4C27197478AD00EA3C12 /* Frameworks */ = {
			isa = PBXFrameworksBuildPhase;
			buildActionMask = 2147483647;
			files = (
				CDDF4C30197478AD00EA3C12 /* CoreGraphics.framework in Frameworks */,
				CDDF4C32197478AD00EA3C12 /* UIKit.framework in Frameworks */,
				CDDF4C2E197478AD00EA3C12 /* Foundation.framework in Frameworks */,
			);
			runOnlyForDeploymentPostprocessing = 0;
		};
		CDDF4C4E197478AE00EA3C12 /* Frameworks */ = {
			isa = PBXFrameworksBuildPhase;
			buildActionMask = 2147483647;
			files = (
				CDDF4C53197478AE00EA3C12 /* XCTest.framework in Frameworks */,
				CDDF4C55197478AE00EA3C12 /* UIKit.framework in Frameworks */,
				CDDF4C54197478AE00EA3C12 /* Foundation.framework in Frameworks */,
			);
			runOnlyForDeploymentPostprocessing = 0;
		};
/* End PBXFrameworksBuildPhase section */

/* Begin PBXGroup section */
		CDDF4C21197478AD00EA3C12 = {
			isa = PBXGroup;
			children = (
				CDDF4C33197478AD00EA3C12 /* ETOContactCard */,
				CDDF4C58197478AE00EA3C12 /* ETOContactCardTests */,
				CDDF4C2C197478AD00EA3C12 /* Frameworks */,
				CDDF4C2B197478AD00EA3C12 /* Products */,
			);
			sourceTree = "<group>";
		};
		CDDF4C2B197478AD00EA3C12 /* Products */ = {
			isa = PBXGroup;
			children = (
				CDDF4C2A197478AD00EA3C12 /* ETOContactCard.app */,
				CDDF4C51197478AE00EA3C12 /* ETOContactCardTests.xctest */,
			);
			name = Products;
			sourceTree = "<group>";
		};
		CDDF4C2C197478AD00EA3C12 /* Frameworks */ = {
			isa = PBXGroup;
			children = (
				CDDF4C2D197478AD00EA3C12 /* Foundation.framework */,
				CDDF4C2F197478AD00EA3C12 /* CoreGraphics.framework */,
				CDDF4C31197478AD00EA3C12 /* UIKit.framework */,
				CDDF4C52197478AE00EA3C12 /* XCTest.framework */,
			);
			name = Frameworks;
			sourceTree = "<group>";
		};
		CDDF4C33197478AD00EA3C12 /* ETOContactCard */ = {
			isa = PBXGroup;
			children = (
				CDDF4C3C197478AE00EA3C12 /* AppDelegate.h */,
				CDDF4C3D197478AE00EA3C12 /* AppDelegate.m */,
				CDDF4C3F197478AE00EA3C12 /* Main_iPhone.storyboard */,
				CDDF4C42197478AE00EA3C12 /* Main_iPad.storyboard */,
				CDDF4C45197478AE00EA3C12 /* FirstViewController.h */,
				CDDF4C46197478AE00EA3C12 /* FirstViewController.m */,
				CDDF4C48197478AE00EA3C12 /* SecondViewController.h */,
				CDDF4C49197478AE00EA3C12 /* SecondViewController.m */,
				CDDF4C4B197478AE00EA3C12 /* Images.xcassets */,
				CDDF4C34197478AD00EA3C12 /* Supporting Files */,
			);
			path = ETOContactCard;
			sourceTree = "<group>";
		};
		CDDF4C34197478AD00EA3C12 /* Supporting Files */ = {
			isa = PBXGroup;
			children = (
				CDDF4C35197478AD00EA3C12 /* ETOContactCard-Info.plist */,
				CDDF4C36197478AD00EA3C12 /* InfoPlist.strings */,
				CDDF4C39197478AE00EA3C12 /* main.m */,
				CDDF4C3B197478AE00EA3C12 /* ETOContactCard-Prefix.pch */,
			);
			name = "Supporting Files";
			sourceTree = "<group>";
		};
		CDDF4C58197478AE00EA3C12 /* ETOContactCardTests */ = {
			isa = PBXGroup;
			children = (
				CDDF4C5E197478AE00EA3C12 /* ETOContactCardTests.m */,
				CDDF4C59197478AE00EA3C12 /* Supporting Files */,
			);
			path = ETOContactCardTests;
			sourceTree = "<group>";
		};
		CDDF4C59197478AE00EA3C12 /* Supporting Files */ = {
			isa = PBXGroup;
			children = (
				CDDF4C5A197478AE00EA3C12 /* ETOContactCardTests-Info.plist */,
				CDDF4C5B197478AE00EA3C12 /* InfoPlist.strings */,
			);
			name = "Supporting Files";
			sourceTree = "<group>";
		};
/* End PBXGroup section */

/* Begin PBXNativeTarget section */
		CDDF4C29197478AD00EA3C12 /* ETOContactCard */ = {
			isa = PBXNativeTarget;
			buildConfigurationList = CDDF4C62197478AE00EA3C12 /* Build configuration list for PBXNativeTarget "ETOContactCard" */;
			buildPhases = (
				CDDF4C26197478AD00EA3C12 /* Sources */,
				CDDF4C27197478AD00EA3C12 /* Frameworks */,
				CDDF4C28197478AD00EA3C12 /* Resources */,
			);
			buildRules = (
			);
			dependencies = (
			);
			name = ETOContactCard;
			productName = ETOContactCard;
			productReference = CDDF4C2A197478AD00EA3C12 /* ETOContactCard.app */;
			productType = "com.apple.product-type.application";
		};
		CDDF4C50197478AE00EA3C12 /* ETOContactCardTests */ = {
			isa = PBXNativeTarget;
			buildConfigurationList = CDDF4C65197478AE00EA3C12 /* Build configuration list for PBXNativeTarget "ETOContactCardTests" */;
			buildPhases = (
				CDDF4C4D197478AE00EA3C12 /* Sources */,
				CDDF4C4E197478AE00EA3C12 /* Frameworks */,
				CDDF4C4F197478AE00EA3C12 /* Resources */,
			);
			buildRules = (
			);
			dependencies = (
				CDDF4C57197478AE00EA3C12 /* PBXTargetDependency */,
			);
			name = ETOContactCardTests;
			productName = ETOContactCardTests;
			productReference = CDDF4C51197478AE00EA3C12 /* ETOContactCardTests.xctest */;
			productType = "com.apple.product-type.bundle.unit-test";
		};
/* End PBXNativeTarget section */

/* Begin PBXProject section */
		CDDF4C22197478AD00EA3C12 /* Project object */ = {
			isa = PBXProject;
			attributes = {
				LastUpgradeCheck = 0510;
				ORGANIZATIONNAME = Billington;
				TargetAttributes = {
					CDDF4C50197478AE00EA3C12 = {
						TestTargetID = CDDF4C29197478AD00EA3C12;
					};
				};
			};
			buildConfigurationList = CDDF4C25197478AD00EA3C12 /* Build configuration list for PBXProject "ETOContactCard" */;
			compatibilityVersion = "Xcode 3.2";
			developmentRegion = English;
			hasScannedForEncodings = 0;
			knownRegions = (
				en,
				Base,
			);
			mainGroup = CDDF4C21197478AD00EA3C12;
			productRefGroup = CDDF4C2B197478AD00EA3C12 /* Products */;
			projectDirPath = "";
			projectRoot = "";
			targets = (
				CDDF4C29197478AD00EA3C12 /* ETOContactCard */,
				CDDF4C50197478AE00EA3C12 /* ETOContactCardTests */,
			);
		};
/* End PBXProject section */

/* Begin PBXResourcesBuildPhase section */
		CDDF4C28197478AD00EA3C12 /* Resources */ = {
			isa = PBXResourcesBuildPhase;
			buildActionMask = 2147483647;
			files = (
				CDDF4C44197478AE00EA3C12 /* Main_iPad.storyboard in Resources */,
				CDDF4C4C197478AE00EA3C12 /* Images.xcassets in Resources */,
				CDDF4C41197478AE00EA3C12 /* Main_iPhone.storyboard in Resources */,
				CDDF4C38197478AE00EA3C12 /* InfoPlist.strings in Resources */,
			);
			runOnlyForDeploymentPostprocessing = 0;
		};
		CDDF4C4F197478AE00EA3C12 /* Resources */ = {
			isa = PBXResourcesBuildPhase;
			buildActionMask = 2147483647;
			files = (
				CDDF4C5D197478AE00EA3C12 /* InfoPlist.strings in Resources */,
			);
			runOnlyForDeploymentPostprocessing = 0;
		};
/* End PBXResourcesBuildPhase section */

/* Begin PBXSourcesBuildPhase section */
		CDDF4C26197478AD00EA3C12 /* Sources */ = {
			isa = PBXSourcesBuildPhase;
			buildActionMask = 2147483647;
			files = (
				CDDF4C4A197478AE00EA3C12 /* SecondViewController.m in Sources */,
				CDDF4C3E197478AE00EA3C12 /* AppDelegate.m in Sources */,
				CDDF4C47197478AE00EA3C12 /* FirstViewController.m in Sources */,
				CDDF4C3A197478AE00EA3C12 /* main.m in Sources */,
			);
			runOnlyForDeploymentPostprocessing = 0;
		};
		CDDF4C4D197478AE00EA3C12 /* Sources */ = {
			isa = PBXSourcesBuildPhase;
			buildActionMask = 2147483647;
			files = (
				CDDF4C5F197478AE00EA3C12 /* ETOContactCardTests.m in Sources */,
			);
			runOnlyForDeploymentPostprocessing = 0;
		};
/* End PBXSourcesBuildPhase section */

/* Begin PBXTargetDependency section */
		CDDF4C57197478AE00EA3C12 /* PBXTargetDependency */ = {
			isa = PBXTargetDependency;
			target = CDDF4C29197478AD00EA3C12 /* ETOContactCard */;
			targetProxy = CDDF4C56197478AE00EA3C12 /* PBXContainerItemProxy */;
		};
/* End PBXTargetDependency section */

/* Begin PBXVariantGroup section */
		CDDF4C36197478AD00EA3C12 /* InfoPlist.strings */ = {
			isa = PBXVariantGroup;
			children = (
				CDDF4C37197478AE00EA3C12 /* en */,
			);
			name = InfoPlist.strings;
			sourceTree = "<group>";
		};
		CDDF4C3F197478AE00EA3C12 /* Main_iPhone.storyboard */ = {
			isa = PBXVariantGroup;
			children = (
				CDDF4C40197478AE00EA3C12 /* Base */,
			);
			name = Main_iPhone.storyboard;
			sourceTree = "<group>";
		};
		CDDF4C42197478AE00EA3C12 /* Main_iPad.storyboard */ = {
			isa = PBXVariantGroup;
			children = (
				CDDF4C43197478AE00EA3C12 /* Base */,
			);
			name = Main_iPad.storyboard;
			sourceTree = "<group>";
		};
		CDDF4C5B197478AE00EA3C12 /* InfoPlist.strings */ = {
			isa = PBXVariantGroup;
			children = (
				CDDF4C5C197478AE00EA3C12 /* en */,
			);
			name = InfoPlist.strings;
			sourceTree = "<group>";
		};
/* End PBXVariantGroup section */

/* Begin XCBuildConfiguration section */
		CDDF4C60197478AE00EA3C12 /* Debug */ = {
			isa = XCBuildConfiguration;
			buildSettings = {
				ALWAYS_SEARCH_USER_PATHS = NO;
				CLANG_CXX_LANGUAGE_STANDARD = "gnu++0x";
				CLANG_CXX_LIBRARY = "libc++";
				CLANG_ENABLE_MODULES = YES;
				CLANG_ENABLE_OBJC_ARC = YES;
				CLANG_WARN_BOOL_CONVERSION = YES;
				CLANG_WARN_CONSTANT_CONVERSION = YES;
				CLANG_WARN_DIRECT_OBJC_ISA_USAGE = YES_ERROR;
				CLANG_WARN_EMPTY_BODY = YES;
				CLANG_WARN_ENUM_CONVERSION = YES;
				CLANG_WARN_INT_CONVERSION = YES;
				CLANG_WARN_OBJC_ROOT_CLASS = YES_ERROR;
				CLANG_WARN__DUPLICATE_METHOD_MATCH = YES;
				"CODE_SIGN_IDENTITY[sdk=iphoneos*]" = "iPhone Developer";
				COPY_PHASE_STRIP = NO;
				GCC_C_LANGUAGE_STANDARD = gnu99;
				GCC_DYNAMIC_NO_PIC = NO;
				GCC_OPTIMIZATION_LEVEL = 0;
				GCC_PREPROCESSOR_DEFINITIONS = (
					"DEBUG=1",
					"$(inherited)",
				);
				GCC_SYMBOLS_PRIVATE_EXTERN = NO;
				GCC_WARN_64_TO_32_BIT_CONVERSION = YES;
				GCC_WARN_ABOUT_RETURN_TYPE = YES_ERROR;
				GCC_WARN_UNDECLARED_SELECTOR = YES;
				GCC_WARN_UNINITIALIZED_AUTOS = YES_AGGRESSIVE;
				GCC_WARN_UNUSED_FUNCTION = YES;
				GCC_WARN_UNUSED_VARIABLE = YES;
				IPHONEOS_DEPLOYMENT_TARGET = 7.1;
				ONLY_ACTIVE_ARCH = YES;
				SDKROOT = iphoneos;
				TARGETED_DEVICE_FAMILY = "1,2";
			};
			name = Debug;
		};
		CDDF4C61197478AE00EA3C12 /* Release */ = {
			isa = XCBuildConfiguration;
			buildSettings = {
				ALWAYS_SEARCH_USER_PATHS = NO;
				CLANG_CXX_LANGUAGE_STANDARD = "gnu++0x";
				CLANG_CXX_LIBRARY = "libc++";
				CLANG_ENABLE_MODULES = YES;
				CLANG_ENABLE_OBJC_ARC = YES;
				CLANG_WARN_BOOL_CONVERSION = YES;
				CLANG_WARN_CONSTANT_CONVERSION = YES;
				CLANG_WARN_DIRECT_OBJC_ISA_USAGE = YES_ERROR;
				CLANG_WARN_EMPTY_BODY = YES;
				CLANG_WARN_ENUM_CONVERSION = YES;
				CLANG_WARN_INT_CONVERSION = YES;
				CLANG_WARN_OBJC_ROOT_CLASS = YES_ERROR;
				CLANG_WARN__DUPLICATE_METHOD_MATCH = YES;
				"CODE_SIGN_IDENTITY[sdk=iphoneos*]" = "iPhone Developer";
				COPY_PHASE_STRIP = YES;
				ENABLE_NS_ASSERTIONS = NO;
				GCC_C_LANGUAGE_STANDARD = gnu99;
				GCC_WARN_64_TO_32_BIT_CONVERSION = YES;
				GCC_WARN_ABOUT_RETURN_TYPE = YES_ERROR;
				GCC_WARN_UNDECLARED_SELECTOR = YES;
				GCC_WARN_UNINITIALIZED_AUTOS = YES_AGGRESSIVE;
				GCC_WARN_UNUSED_FUNCTION = YES;
				GCC_WARN_UNUSED_VARIABLE = YES;
				IPHONEOS_DEPLOYMENT_TARGET = 7.1;
				SDKROOT = iphoneos;
				TARGETED_DEVICE_FAMILY = "1,2";
				VALIDATE_PRODUCT = YES;
			};
			name = Release;
		};
		CDDF4C63197478AE00EA3C12 /* Debug */ = {
			isa = XCBuildConfiguration;
			buildSettings = {
				ASSETCATALOG_COMPILER_APPICON_NAME = AppIcon;
				ASSETCATALOG_COMPILER_LAUNCHIMAGE_NAME = LaunchImage;
				GCC_PRECOMPILE_PREFIX_HEADER = YES;
				GCC_PREFIX_HEADER = "ETOContactCard/ETOContactCard-Prefix.pch";
				INFOPLIST_FILE = "ETOContactCard/ETOContactCard-Info.plist";
				PRODUCT_NAME = "$(TARGET_NAME)";
				WRAPPER_EXTENSION = app;
			};
			name = Debug;
		};
		CDDF4C64197478AE00EA3C12 /* Release */ = {
			isa = XCBuildConfiguration;
			buildSettings = {
				ASSETCATALOG_COMPILER_APPICON_NAME = AppIcon;
				ASSETCATALOG_COMPILER_LAUNCHIMAGE_NAME = LaunchImage;
				GCC_PRECOMPILE_PREFIX_HEADER = YES;
				GCC_PREFIX_HEADER = "ETOContactCard/ETOContactCard-Prefix.pch";
				INFOPLIST_FILE = "ETOContactCard/ETOContactCard-Info.plist";
				PRODUCT_NAME = "$(TARGET_NAME)";
				WRAPPER_EXTENSION = app;
			};
			name = Release;
		};
		CDDF4C66197478AE00EA3C12 /* Debug */ = {
			isa = XCBuildConfiguration;
			buildSettings = {
				BUNDLE_LOADER = "$(BUILT_PRODUCTS_DIR)/ETOContactCard.app/ETOContactCard";
				FRAMEWORK_SEARCH_PATHS = (
					"$(SDKROOT)/Developer/Library/Frameworks",
					"$(inherited)",
					"$(DEVELOPER_FRAMEWORKS_DIR)",
				);
				GCC_PRECOMPILE_PREFIX_HEADER = YES;
				GCC_PREFIX_HEADER = "ETOContactCard/ETOContactCard-Prefix.pch";
				GCC_PREPROCESSOR_DEFINITIONS = (
					"DEBUG=1",
					"$(inherited)",
				);
				INFOPLIST_FILE = "ETOContactCardTests/ETOContactCardTests-Info.plist";
				PRODUCT_NAME = "$(TARGET_NAME)";
				TEST_HOST = "$(BUNDLE_LOADER)";
				WRAPPER_EXTENSION = xctest;
			};
			name = Debug;
		};
		CDDF4C67197478AE00EA3C12 /* Release */ = {
			isa = XCBuildConfiguration;
			buildSettings = {
				BUNDLE_LOADER = "$(BUILT_PRODUCTS_DIR)/ETOContactCard.app/ETOContactCard";
				FRAMEWORK_SEARCH_PATHS = (
					"$(SDKROOT)/Developer/Library/Frameworks",
					"$(inherited)",
					"$(DEVELOPER_FRAMEWORKS_DIR)",
				);
				GCC_PRECOMPILE_PREFIX_HEADER = YES;
				GCC_PREFIX_HEADER = "ETOContactCard/ETOContactCard-Prefix.pch";
				INFOPLIST_FILE = "ETOContactCardTests/ETOContactCardTests-Info.plist";
				PRODUCT_NAME = "$(TARGET_NAME)";
				TEST_HOST = "$(BUNDLE_LOADER)";
				WRAPPER_EXTENSION = xctest;
			};
			name = Release;
		};
/* End XCBuildConfiguration section */

/* Begin XCConfigurationList section */
		CDDF4C25197478AD00EA3C12 /* Build configuration list for PBXProject "ETOContactCard" */ = {
			isa = XCConfigurationList;
			buildConfigurations = (
				CDDF4C60197478AE00EA3C12 /* Debug */,
				CDDF4C61197478AE00EA3C12 /* Release */,
			);
			defaultConfigurationIsVisible = 0;
			defaultConfigurationName = Release;
		};
		CDDF4C62197478AE00EA3C12 /* Build configuration list for PBXNativeTarget "ETOContactCard" */ = {
			isa = XCConfigurationList;
			buildConfigurations = (
				CDDF4C63197478AE00EA3C12 /* Debug */,
				CDDF4C64197478AE00EA3C12 /* Release */,
			);
			defaultConfigurationIsVisible = 0;
		};
		CDDF4C65197478AE00EA3C12 /* Build configuration list for PBXNativeTarget "ETOContactCardTests" */ = {
			isa = XCConfigurationList;
			buildConfigurations = (
				CDDF4C66197478AE00EA3C12 /* Debug */,
				CDDF4C67197478AE00EA3C12 /* Release */,
			);
			defaultConfigurationIsVisible = 0;
		};
/* End XCConfigurationList section */
	};
	rootObject = CDDF4C22197478AD00EA3C12 /* Project object */;
}
